
Microsoft Visual Studio Solution File, Format Version 12.00
# Visual Studio Version 17
VisualStudioVersion = 17.9.34723.18
MinimumVisualStudioVersion = 10.0.40219.1
Project("{FAE04EC0-301F-11D3-BF4B-00C04F79EFBC}") = "zor_soru", "zor_soru\zor_soru.csproj", "{E3263A6C-F0BA-4386-A6D0-689B0FDB59ED}"
EndProject
Global
	GlobalSection(SolutionConfigurationPlatforms) = preSolution
		Debug|Any CPU = Debug|Any CPU
		Release|Any CPU = Release|Any CPU
	EndGlobalSection
	GlobalSection(ProjectConfigurationPlatforms) = postSolution
		{E3263A6C-F0BA-4386-A6D0-689B0FDB59ED}.Debug|Any CPU.ActiveCfg = Debug|Any CPU
		{E3263A6C-F0BA-4386-A6D0-689B0FDB59ED}.Debug|Any CPU.Build.0 = Debug|Any CPU
		{E3263A6C-F0BA-4386-A6D0-689B0FDB59ED}.Release|Any CPU.ActiveCfg = Release|Any CPU
		{E3263A6C-F0BA-4386-A6D0-689B0FDB59ED}.Release|Any CPU.Build.0 = Release|Any CPU
	EndGlobalSection
	GlobalSection(SolutionProperties) = preSolution
		HideSolutionNode = FALSE
	EndGlobalSection
	GlobalSection(ExtensibilityGlobals) = postSolution
		SolutionGuid = {D74B7BD7-46FA-41D9-9A92-06FE41247BDE}
	EndGlobalSection
EndGlobal
